// !$*UTF8*$!
{
	archiveVersion = 1;
	classes = {
	};
	objectVersion = 46;
	objects = {

/* Begin PBXBuildFile section */
		5358A5E41CAFBAF100D96845 /* AppDelegate.swift in Sources */ = {isa = PBXBuildFile; fileRef = 5358A5E31CAFBAF100D96845 /* AppDelegate.swift */; };
		5358A5E61CAFBAF100D96845 /* DemoPieGrapgViewController.swift in Sources */ = {isa = PBXBuildFile; fileRef = 5358A5E51CAFBAF100D96845 /* DemoPieGrapgViewController.swift */; };
		5358A5E91CAFBAF100D96845 /* Main.storyboard in Resources */ = {isa = PBXBuildFile; fileRef = 5358A5E71CAFBAF100D96845 /* Main.storyboard */; };
		5358A5EC1CAFBAF100D96845 /* PieGraphView.xcdatamodeld in Sources */ = {isa = PBXBuildFile; fileRef = 5358A5EA1CAFBAF100D96845 /* PieGraphView.xcdatamodeld */; };
		5358A5EE1CAFBAF200D96845 /* Assets.xcassets in Resources */ = {isa = PBXBuildFile; fileRef = 5358A5ED1CAFBAF200D96845 /* Assets.xcassets */; };
		5358A5F11CAFBAF200D96845 /* LaunchScreen.storyboard in Resources */ = {isa = PBXBuildFile; fileRef = 5358A5EF1CAFBAF200D96845 /* LaunchScreen.storyboard */; };
		5358A5FC1CAFBAF200D96845 /* PieGraphViewTests.swift in Sources */ = {isa = PBXBuildFile; fileRef = 5358A5FB1CAFBAF200D96845 /* PieGraphViewTests.swift */; };
		5358A6071CAFBAF200D96845 /* PieGraphViewUITests.swift in Sources */ = {isa = PBXBuildFile; fileRef = 5358A6061CAFBAF200D96845 /* PieGraphViewUITests.swift */; };
		5358A6151CAFBBA100D96845 /* _MakePieGraphView.swift in Sources */ = {isa = PBXBuildFile; fileRef = 5358A6141CAFBBA100D96845 /* _MakePieGraphView.swift */; };
		5358A6181CAFD0C900D96845 /* _BackGroundView.swift in Sources */ = {isa = PBXBuildFile; fileRef = 5358A6171CAFD0C900D96845 /* _BackGroundView.swift */; };
		5358A61B1CAFD1B400D96845 /* PieGraphView.swift in Sources */ = {isa = PBXBuildFile; fileRef = 5358A61A1CAFD1B400D96845 /* PieGraphView.swift */; };
		53A1EDE41CAFFC810094AE29 /* QuartzCore.framework in Frameworks */ = {isa = PBXBuildFile; fileRef = 53A1EDE31CAFFC810094AE29 /* QuartzCore.framework */; };
		53CBA1061CB247820094EC32 /* sampleViewController.swift in Sources */ = {isa = PBXBuildFile; fileRef = 53CBA1051CB247820094EC32 /* sampleViewController.swift */; };
/* End PBXBuildFile section */

/* Begin PBXContainerItemProxy section */
		5358A5F81CAFBAF200D96845 /* PBXContainerItemProxy */ = {
			isa = PBXContainerItemProxy;
			containerPortal = 5358A5D81CAFBAF100D96845 /* Project object */;
			proxyType = 1;
			remoteGlobalIDString = 5358A5DF1CAFBAF100D96845;
			remoteInfo = PieGraphView;
		};
		5358A6031CAFBAF200D96845 /* PBXContainerItemProxy */ = {
			isa = PBXContainerItemProxy;
			containerPortal = 5358A5D81CAFBAF100D96845 /* Project object */;
			proxyType = 1;
			remoteGlobalIDString = 5358A5DF1CAFBAF100D96845;
			remoteInfo = PieGraphView;
		};
/* End PBXContainerItemProxy section */

/* Begin PBXFileReference section */
		5358A5E01CAFBAF100D96845 /* PieGraphView.app */ = {isa = PBXFileReference; explicitFileType = wrapper.application; includeInIndex = 0; path = PieGraphView.app; sourceTree = BUILT_PRODUCTS_DIR; };
		5358A5E31CAFBAF100D96845 /* AppDelegate.swift */ = {isa = PBXFileReference; lastKnownFileType = sourcecode.swift; path = AppDelegate.swift; sourceTree = "<group>"; };
		5358A5E51CAFBAF100D96845 /* DemoPieGrapgViewController.swift */ = {isa = PBXFileReference; lastKnownFileType = sourcecode.swift; path = DemoPieGrapgViewController.swift; sourceTree = "<group>"; };
		5358A5E81CAFBAF100D96845 /* Base */ = {isa = PBXFileReference; lastKnownFileType = file.storyboard; name = Base; path = Base.lproj/Main.storyboard; sourceTree = "<group>"; };
		5358A5EB1CAFBAF100D96845 /* PieGraphView.xcdatamodel */ = {isa = PBXFileReference; lastKnownFileType = wrapper.xcdatamodel; path = PieGraphView.xcdatamodel; sourceTree = "<group>"; };
		5358A5ED1CAFBAF200D96845 /* Assets.xcassets */ = {isa = PBXFileReference; lastKnownFileType = folder.assetcatalog; path = Assets.xcassets; sourceTree = "<group>"; };
		5358A5F01CAFBAF200D96845 /* Base */ = {isa = PBXFileReference; lastKnownFileType = file.storyboard; name = Base; path = Base.lproj/LaunchScreen.storyboard; sourceTree = "<group>"; };
		5358A5F21CAFBAF200D96845 /* Info.plist */ = {isa = PBXFileReference; lastKnownFileType = text.plist.xml; path = Info.plist; sourceTree = "<group>"; };
		5358A5F71CAFBAF200D96845 /* PieGraphViewTests.xctest */ = {isa = PBXFileReference; explicitFileType = wrapper.cfbundle; includeInIndex = 0; path = PieGraphViewTests.xctest; sourceTree = BUILT_PRODUCTS_DIR; };
		5358A5FB1CAFBAF200D96845 /* PieGraphViewTests.swift */ = {isa = PBXFileReference; lastKnownFileType = sourcecode.swift; path = PieGraphViewTests.swift; sourceTree = "<group>"; };
		5358A5FD1CAFBAF200D96845 /* Info.plist */ = {isa = PBXFileReference; lastKnownFileType = text.plist.xml; path = Info.plist; sourceTree = "<group>"; };
		5358A6021CAFBAF200D96845 /* PieGraphViewUITests.xctest */ = {isa = PBXFileReference; explicitFileType = wrapper.cfbundle; includeInIndex = 0; path = PieGraphViewUITests.xctest; sourceTree = BUILT_PRODUCTS_DIR; };
		5358A6061CAFBAF200D96845 /* PieGraphViewUITests.swift */ = {isa = PBXFileReference; lastKnownFileType = sourcecode.swift; path = PieGraphViewUITests.swift; sourceTree = "<group>"; };
		5358A6081CAFBAF200D96845 /* Info.plist */ = {isa = PBXFileReference; lastKnownFileType = text.plist.xml; path = Info.plist; sourceTree = "<group>"; };
		5358A6141CAFBBA100D96845 /* _MakePieGraphView.swift */ = {isa = PBXFileReference; fileEncoding = 4; lastKnownFileType = sourcecode.swift; path = _MakePieGraphView.swift; sourceTree = "<group>"; };
		5358A6171CAFD0C900D96845 /* _BackGroundView.swift */ = {isa = PBXFileReference; fileEncoding = 4; lastKnownFileType = sourcecode.swift; path = _BackGroundView.swift; sourceTree = "<group>"; };
		5358A61A1CAFD1B400D96845 /* PieGraphView.swift */ = {isa = PBXFileReference; fileEncoding = 4; lastKnownFileType = sourcecode.swift; path = PieGraphView.swift; sourceTree = "<group>"; };
		53A1EDE31CAFFC810094AE29 /* QuartzCore.framework */ = {isa = PBXFileReference; lastKnownFileType = wrapper.framework; name = QuartzCore.framework; path = System/Library/Frameworks/QuartzCore.framework; sourceTree = SDKROOT; };
		53CBA1051CB247820094EC32 /* sampleViewController.swift */ = {isa = PBXFileReference; fileEncoding = 4; lastKnownFileType = sourcecode.swift; path = sampleViewController.swift; sourceTree = "<group>"; };
/* End PBXFileReference section */

/* Begin PBXFrameworksBuildPhase section */
		5358A5DD1CAFBAF100D96845 /* Frameworks */ = {
			isa = PBXFrameworksBuildPhase;
			buildActionMask = 2147483647;
			files = (
				53A1EDE41CAFFC810094AE29 /* QuartzCore.framework in Frameworks */,
			);
			runOnlyForDeploymentPostprocessing = 0;
		};
		5358A5F41CAFBAF200D96845 /* Frameworks */ = {
			isa = PBXFrameworksBuildPhase;
			buildActionMask = 2147483647;
			files = (
			);
			runOnlyForDeploymentPostprocessing = 0;
		};
		5358A5FF1CAFBAF200D96845 /* Frameworks */ = {
			isa = PBXFrameworksBuildPhase;
			buildActionMask = 2147483647;
			files = (
			);
			runOnlyForDeploymentPostprocessing = 0;
		};
/* End PBXFrameworksBuildPhase section */

/* Begin PBXGroup section */
		5358A5D71CAFBAF100D96845 = {
			isa = PBXGroup;
			children = (
				53A1EDE31CAFFC810094AE29 /* QuartzCore.framework */,
				5358A5E21CAFBAF100D96845 /* PieGraphView */,
				5358A5FA1CAFBAF200D96845 /* PieGraphViewTests */,
				5358A6051CAFBAF200D96845 /* PieGraphViewUITests */,
				5358A5E11CAFBAF100D96845 /* Products */,
			);
			sourceTree = "<group>";
		};
		5358A5E11CAFBAF100D96845 /* Products */ = {
			isa = PBXGroup;
			children = (
				5358A5E01CAFBAF100D96845 /* PieGraphView.app */,
				5358A5F71CAFBAF200D96845 /* PieGraphViewTests.xctest */,
				5358A6021CAFBAF200D96845 /* PieGraphViewUITests.xctest */,
			);
			name = Products;
			sourceTree = "<group>";
		};
		5358A5E21CAFBAF100D96845 /* PieGraphView */ = {
			isa = PBXGroup;
			children = (
				5358A5E31CAFBAF100D96845 /* AppDelegate.swift */,
				5358A5E51CAFBAF100D96845 /* DemoPieGrapgViewController.swift */,
				53CBA1051CB247820094EC32 /* sampleViewController.swift */,
				5358A6161CAFD08F00D96845 /* Class */,
				5358A5E71CAFBAF100D96845 /* Main.storyboard */,
				5358A5ED1CAFBAF200D96845 /* Assets.xcassets */,
				5358A5EF1CAFBAF200D96845 /* LaunchScreen.storyboard */,
				5358A5F21CAFBAF200D96845 /* Info.plist */,
				5358A5EA1CAFBAF100D96845 /* PieGraphView.xcdatamodeld */,
			);
			path = PieGraphView;
			sourceTree = "<group>";
		};
		5358A5FA1CAFBAF200D96845 /* PieGraphViewTests */ = {
			isa = PBXGroup;
			children = (
				5358A5FB1CAFBAF200D96845 /* PieGraphViewTests.swift */,
				5358A5FD1CAFBAF200D96845 /* Info.plist */,
			);
			path = PieGraphViewTests;
			sourceTree = "<group>";
		};
		5358A6051CAFBAF200D96845 /* PieGraphViewUITests */ = {
			isa = PBXGroup;
			children = (
				5358A6061CAFBAF200D96845 /* PieGraphViewUITests.swift */,
				5358A6081CAFBAF200D96845 /* Info.plist */,
			);
			path = PieGraphViewUITests;
			sourceTree = "<group>";
		};
		5358A6161CAFD08F00D96845 /* Class */ = {
			isa = PBXGroup;
			children = (
				5358A6191CAFD19000D96845 /* PrivateClass */,
				5358A61A1CAFD1B400D96845 /* PieGraphView.swift */,
			);
			name = Class;
			sourceTree = "<group>";
		};
		5358A6191CAFD19000D96845 /* PrivateClass */ = {
			isa = PBXGroup;
			children = (
				5358A6171CAFD0C900D96845 /* _BackGroundView.swift */,
				5358A6141CAFBBA100D96845 /* _MakePieGraphView.swift */,
			);
			name = PrivateClass;
			sourceTree = "<group>";
		};
/* End PBXGroup section */

/* Begin PBXNativeTarget section */
		5358A5DF1CAFBAF100D96845 /* PieGraphView */ = {
			isa = PBXNativeTarget;
			buildConfigurationList = 5358A60B1CAFBAF200D96845 /* Build configuration list for PBXNativeTarget "PieGraphView" */;
			buildPhases = (
				5358A5DC1CAFBAF100D96845 /* Sources */,
				5358A5DD1CAFBAF100D96845 /* Frameworks */,
				5358A5DE1CAFBAF100D96845 /* Resources */,
			);
			buildRules = (
			);
			dependencies = (
			);
			name = PieGraphView;
			productName = PieGraphView;
			productReference = 5358A5E01CAFBAF100D96845 /* PieGraphView.app */;
			productType = "com.apple.product-type.application";
		};
		5358A5F61CAFBAF200D96845 /* PieGraphViewTests */ = {
			isa = PBXNativeTarget;
			buildConfigurationList = 5358A60E1CAFBAF200D96845 /* Build configuration list for PBXNativeTarget "PieGraphViewTests" */;
			buildPhases = (
				5358A5F31CAFBAF200D96845 /* Sources */,
				5358A5F41CAFBAF200D96845 /* Frameworks */,
				5358A5F51CAFBAF200D96845 /* Resources */,
			);
			buildRules = (
			);
			dependencies = (
				5358A5F91CAFBAF200D96845 /* PBXTargetDependency */,
			);
			name = PieGraphViewTests;
			productName = PieGraphViewTests;
			productReference = 5358A5F71CAFBAF200D96845 /* PieGraphViewTests.xctest */;
			productType = "com.apple.product-type.bundle.unit-test";
		};
		5358A6011CAFBAF200D96845 /* PieGraphViewUITests */ = {
			isa = PBXNativeTarget;
			buildConfigurationList = 5358A6111CAFBAF200D96845 /* Build configuration list for PBXNativeTarget "PieGraphViewUITests" */;
			buildPhases = (
				5358A5FE1CAFBAF200D96845 /* Sources */,
				5358A5FF1CAFBAF200D96845 /* Frameworks */,
				5358A6001CAFBAF200D96845 /* Resources */,
			);
			buildRules = (
			);
			dependencies = (
				5358A6041CAFBAF200D96845 /* PBXTargetDependency */,
			);
			name = PieGraphViewUITests;
			productName = PieGraphViewUITests;
			productReference = 5358A6021CAFBAF200D96845 /* PieGraphViewUITests.xctest */;
			productType = "com.apple.product-type.bundle.ui-testing";
		};
/* End PBXNativeTarget section */

/* Begin PBXProject section */
		5358A5D81CAFBAF100D96845 /* Project object */ = {
			isa = PBXProject;
			attributes = {
				LastSwiftUpdateCheck = 0730;
				LastUpgradeCheck = 0730;
				ORGANIZATIONNAME = "mebro Inc.";
				TargetAttributes = {
					5358A5DF1CAFBAF100D96845 = {
						CreatedOnToolsVersion = 7.3;
					};
					5358A5F61CAFBAF200D96845 = {
						CreatedOnToolsVersion = 7.3;
						TestTargetID = 5358A5DF1CAFBAF100D96845;
					};
					5358A6011CAFBAF200D96845 = {
						CreatedOnToolsVersion = 7.3;
						TestTargetID = 5358A5DF1CAFBAF100D96845;
					};
				};
			};
			buildConfigurationList = 5358A5DB1CAFBAF100D96845 /* Build configuration list for PBXProject "PieGraphView" */;
			compatibilityVersion = "Xcode 3.2";
			developmentRegion = English;
			hasScannedForEncodings = 0;
			knownRegions = (
				en,
				Base,
			);
			mainGroup = 5358A5D71CAFBAF100D96845;
			productRefGroup = 5358A5E11CAFBAF100D96845 /* Products */;
			projectDirPath = "";
			projectRoot = "";
			targets = (
				5358A5DF1CAFBAF100D96845 /* PieGraphView */,
				5358A5F61CAFBAF200D96845 /* PieGraphViewTests */,
				5358A6011CAFBAF200D96845 /* PieGraphViewUITests */,
			);
		};
/* End PBXProject section */

/* Begin PBXResourcesBuildPhase section */
		5358A5DE1CAFBAF100D96845 /* Resources */ = {
			isa = PBXResourcesBuildPhase;
			buildActionMask = 2147483647;
			files = (
				5358A5F11CAFBAF200D96845 /* LaunchScreen.storyboard in Resources */,
				5358A5EE1CAFBAF200D96845 /* Assets.xcassets in Resources */,
				5358A5E91CAFBAF100D96845 /* Main.storyboard in Resources */,
			);
			runOnlyForDeploymentPostprocessing = 0;
		};
		5358A5F51CAFBAF200D96845 /* Resources */ = {
			isa = PBXResourcesBuildPhase;
			buildActionMask = 2147483647;
			files = (
			);
			runOnlyForDeploymentPostprocessing = 0;
		};
		5358A6001CAFBAF200D96845 /* Resources */ = {
			isa = PBXResourcesBuildPhase;
			buildActionMask = 2147483647;
			files = (
			);
			runOnlyForDeploymentPostprocessing = 0;
		};
/* End PBXResourcesBuildPhase section */

/* Begin PBXSourcesBuildPhase section */
		5358A5DC1CAFBAF100D96845 /* Sources */ = {
			isa = PBXSourcesBuildPhase;
			buildActionMask = 2147483647;
			files = (
				5358A6151CAFBBA100D96845 /* _MakePieGraphView.swift in Sources */,
				5358A6181CAFD0C900D96845 /* _BackGroundView.swift in Sources */,
				5358A5E61CAFBAF100D96845 /* DemoPieGrapgViewController.swift in Sources */,
				5358A5E41CAFBAF100D96845 /* AppDelegate.swift in Sources */,
				5358A61B1CAFD1B400D96845 /* PieGraphView.swift in Sources */,
				53CBA1061CB247820094EC32 /* sampleViewController.swift in Sources */,
				5358A5EC1CAFBAF100D96845 /* PieGraphView.xcdatamodeld in Sources */,
			);
			runOnlyForDeploymentPostprocessing = 0;
		};
		5358A5F31CAFBAF200D96845 /* Sources */ = {
			isa = PBXSourcesBuildPhase;
			buildActionMask = 2147483647;
			files = (
				5358A5FC1CAFBAF200D96845 /* PieGraphViewTests.swift in Sources */,
			);
			runOnlyForDeploymentPostprocessing = 0;
		};
		5358A5FE1CAFBAF200D96845 /* Sources */ = {
			isa = PBXSourcesBuildPhase;
			buildActionMask = 2147483647;
			files = (
				5358A6071CAFBAF200D96845 /* PieGraphViewUITests.swift in Sources */,
			);
			runOnlyForDeploymentPostprocessing = 0;
		};
/* End PBXSourcesBuildPhase section */

/* Begin PBXTargetDependency section */
		5358A5F91CAFBAF200D96845 /* PBXTargetDependency */ = {
			isa = PBXTargetDependency;
			target = 5358A5DF1CAFBAF100D96845 /* PieGraphView */;
			targetProxy = 5358A5F81CAFBAF200D96845 /* PBXContainerItemProxy */;
		};
		5358A6041CAFBAF200D96845 /* PBXTargetDependency */ = {
			isa = PBXTargetDependency;
			target = 5358A5DF1CAFBAF100D96845 /* PieGraphView */;
			targetProxy = 5358A6031CAFBAF200D96845 /* PBXContainerItemProxy */;
		};
/* End PBXTargetDependency section */

/* Begin PBXVariantGroup section */
		5358A5E71CAFBAF100D96845 /* Main.storyboard */ = {
			isa = PBXVariantGroup;
			children = (
				5358A5E81CAFBAF100D96845 /* Base */,
			);
			name = Main.storyboard;
			sourceTree = "<group>";
		};
		5358A5EF1CAFBAF200D96845 /* LaunchScreen.storyboard */ = {
			isa = PBXVariantGroup;
			children = (
				5358A5F01CAFBAF200D96845 /* Base */,
			);
			name = LaunchScreen.storyboard;
			sourceTree = "<group>";
		};
/* End PBXVariantGroup section */

/* Begin XCBuildConfiguration section */
		5358A6091CAFBAF200D96845 /* Debug */ = {
			isa = XCBuildConfiguration;
			buildSettings = {
				ALWAYS_SEARCH_USER_PATHS = NO;
				CLANG_ANALYZER_NONNULL = YES;
				CLANG_CXX_LANGUAGE_STANDARD = "gnu++0x";
				CLANG_CXX_LIBRARY = "libc++";
				CLANG_ENABLE_MODULES = YES;
				CLANG_ENABLE_OBJC_ARC = YES;
				CLANG_WARN_BOOL_CONVERSION = YES;
				CLANG_WARN_CONSTANT_CONVERSION = YES;
				CLANG_WARN_DIRECT_OBJC_ISA_USAGE = YES_ERROR;
				CLANG_WARN_EMPTY_BODY = YES;
				CLANG_WARN_ENUM_CONVERSION = YES;
				CLANG_WARN_INT_CONVERSION = YES;
				CLANG_WARN_OBJC_ROOT_CLASS = YES_ERROR;
				CLANG_WARN_UNREACHABLE_CODE = YES;
				CLANG_WARN__DUPLICATE_METHOD_MATCH = YES;
				"CODE_SIGN_IDENTITY[sdk=iphoneos*]" = "iPhone Developer";
				COPY_PHASE_STRIP = NO;
				DEBUG_INFORMATION_FORMAT = dwarf;
				ENABLE_STRICT_OBJC_MSGSEND = YES;
				ENABLE_TESTABILITY = YES;
				GCC_C_LANGUAGE_STANDARD = gnu99;
				GCC_DYNAMIC_NO_PIC = NO;
				GCC_NO_COMMON_BLOCKS = YES;
				GCC_OPTIMIZATION_LEVEL = 0;
				GCC_PREPROCESSOR_DEFINITIONS = (
					"DEBUG=1",
					"$(inherited)",
				);
				GCC_WARN_64_TO_32_BIT_CONVERSION = YES;
				GCC_WARN_ABOUT_RETURN_TYPE = YES_ERROR;
				GCC_WARN_UNDECLARED_SELECTOR = YES;
				GCC_WARN_UNINITIALIZED_AUTOS = YES_AGGRESSIVE;
				GCC_WARN_UNUSED_FUNCTION = YES;
				GCC_WARN_UNUSED_VARIABLE = YES;
				IPHONEOS_DEPLOYMENT_TARGET = 9.3;
				MTL_ENABLE_DEBUG_INFO = YES;
				ONLY_ACTIVE_ARCH = YES;
				SDKROOT = iphoneos;
				SWIFT_OPTIMIZATION_LEVEL = "-Onone";
				TARGETED_DEVICE_FAMILY = "1,2";
			};
			name = Debug;
		};
		5358A60A1CAFBAF200D96845 /* Release */ = {
			isa = XCBuildConfiguration;
			buildSettings = {
				ALWAYS_SEARCH_USER_PATHS = NO;
				CLANG_ANALYZER_NONNULL = YES;
				CLANG_CXX_LANGUAGE_STANDARD = "gnu++0x";
				CLANG_CXX_LIBRARY = "libc++";
				CLANG_ENABLE_MODULES = YES;
				CLANG_ENABLE_OBJC_ARC = YES;
				CLANG_WARN_BOOL_CONVERSION = YES;
				CLANG_WARN_CONSTANT_CONVERSION = YES;
				CLANG_WARN_DIRECT_OBJC_ISA_USAGE = YES_ERROR;
				CLANG_WARN_EMPTY_BODY = YES;
				CLANG_WARN_ENUM_CONVERSION = YES;
				CLANG_WARN_INT_CONVERSION = YES;
				CLANG_WARN_OBJC_ROOT_CLASS = YES_ERROR;
				CLANG_WARN_UNREACHABLE_CODE = YES;
				CLANG_WARN__DUPLICATE_METHOD_MATCH = YES;
				"CODE_SIGN_IDENTITY[sdk=iphoneos*]" = "iPhone Developer";
				COPY_PHASE_STRIP = NO;
				DEBUG_INFORMATION_FORMAT = "dwarf-with-dsym";
				ENABLE_NS_ASSERTIONS = NO;
				ENABLE_STRICT_OBJC_MSGSEND = YES;
				GCC_C_LANGUAGE_STANDARD = gnu99;
				GCC_NO_COMMON_BLOCKS = YES;
				GCC_WARN_64_TO_32_BIT_CONVERSION = YES;
				GCC_WARN_ABOUT_RETURN_TYPE = YES_ERROR;
				GCC_WARN_UNDECLARED_SELECTOR = YES;
				GCC_WARN_UNINITIALIZED_AUTOS = YES_AGGRESSIVE;
				GCC_WARN_UNUSED_FUNCTION = YES;
				GCC_WARN_UNUSED_VARIABLE = YES;
				IPHONEOS_DEPLOYMENT_TARGET = 9.3;
				MTL_ENABLE_DEBUG_INFO = NO;
				SDKROOT = iphoneos;
				TARGETED_DEVICE_FAMILY = "1,2";
				VALIDATE_PRODUCT = YES;
			};
			name = Release;
		};
		5358A60C1CAFBAF200D96845 /* Debug */ = {
			isa = XCBuildConfiguration;
			buildSettings = {
				ASSETCATALOG_COMPILER_APPICON_NAME = AppIcon;
				INFOPLIST_FILE = PieGraphView/Info.plist;
				LD_RUNPATH_SEARCH_PATHS = "$(inherited) @executable_path/Frameworks";
				PRODUCT_BUNDLE_IDENTIFIER = jp.co.mebro.PieGraphView;
				PRODUCT_NAME = "$(TARGET_NAME)";
			};
			name = Debug;
		};
		5358A60D1CAFBAF200D96845 /* Release */ = {
			isa = XCBuildConfiguration;
			buildSettings = {
				ASSETCATALOG_COMPILER_APPICON_NAME = AppIcon;
				INFOPLIST_FILE = PieGraphView/Info.plist;
				LD_RUNPATH_SEARCH_PATHS = "$(inherited) @executable_path/Frameworks";
				PRODUCT_BUNDLE_IDENTIFIER = jp.co.mebro.PieGraphView;
				PRODUCT_NAME = "$(TARGET_NAME)";
			};
			name = Release;
		};
		5358A60F1CAFBAF200D96845 /* Debug */ = {
			isa = XCBuildConfiguration;
			buildSettings = {
				BUNDLE_LOADER = "$(TEST_HOST)";
				INFOPLIST_FILE = PieGraphViewTests/Info.plist;
				LD_RUNPATH_SEARCH_PATHS = "$(inherited) @executable_path/Frameworks @loader_path/Frameworks";
				PRODUCT_BUNDLE_IDENTIFIER = jp.co.mebro.PieGraphViewTests;
				PRODUCT_NAME = "$(TARGET_NAME)";
				TEST_HOST = "$(BUILT_PRODUCTS_DIR)/PieGraphView.app/PieGraphView";
			};
			name = Debug;
		};
		5358A6101CAFBAF200D96845 /* Release */ = {
			isa = XCBuildConfiguration;
			buildSettings = {
				BUNDLE_LOADER = "$(TEST_HOST)";
				INFOPLIST_FILE = PieGraphViewTests/Info.plist;
				LD_RUNPATH_SEARCH_PATHS = "$(inherited) @executable_path/Frameworks @loader_path/Frameworks";
				PRODUCT_BUNDLE_IDENTIFIER = jp.co.mebro.PieGraphViewTests;
				PRODUCT_NAME = "$(TARGET_NAME)";
				TEST_HOST = "$(BUILT_PRODUCTS_DIR)/PieGraphView.app/PieGraphView";
			};
			name = Release;
		};
		5358A6121CAFBAF200D96845 /* Debug */ = {
			isa = XCBuildConfiguration;
			buildSettings = {
				INFOPLIST_FILE = PieGraphViewUITests/Info.plist;
				LD_RUNPATH_SEARCH_PATHS = "$(inherited) @executable_path/Frameworks @loader_path/Frameworks";
				PRODUCT_BUNDLE_IDENTIFIER = jp.co.mebro.PieGraphViewUITests;
				PRODUCT_NAME = "$(TARGET_NAME)";
				TEST_TARGET_NAME = PieGraphView;
			};
			name = Debug;
		};
		5358A6131CAFBAF200D96845 /* Release */ = {
			isa = XCBuildConfiguration;
			buildSettings = {
				INFOPLIST_FILE = PieGraphViewUITests/Info.plist;
				LD_RUNPATH_SEARCH_PATHS = "$(inherited) @executable_path/Frameworks @loader_path/Frameworks";
				PRODUCT_BUNDLE_IDENTIFIER = jp.co.mebro.PieGraphViewUITests;
				PRODUCT_NAME = "$(TARGET_NAME)";
				TEST_TARGET_NAME = PieGraphView;
			};
			name = Release;
		};
/* End XCBuildConfiguration section */

/* Begin XCConfigurationList section */
		5358A5DB1CAFBAF100D96845 /* Build configuration list for PBXProject "PieGraphView" */ = {
			isa = XCConfigurationList;
			buildConfigurations = (
				5358A6091CAFBAF200D96845 /* Debug */,
				5358A60A1CAFBAF200D96845 /* Release */,
			);
			defaultConfigurationIsVisible = 0;
			defaultConfigurationName = Release;
		};
		5358A60B1CAFBAF200D96845 /* Build configuration list for PBXNativeTarget "PieGraphView" */ = {
			isa = XCConfigurationList;
			buildConfigurations = (
				5358A60C1CAFBAF200D96845 /* Debug */,
				5358A60D1CAFBAF200D96845 /* Release */,
			);
			defaultConfigurationIsVisible = 0;
			defaultConfigurationName = Release;
		};
		5358A60E1CAFBAF200D96845 /* Build configuration list for PBXNativeTarget "PieGraphViewTests" */ = {
			isa = XCConfigurationList;
			buildConfigurations = (
				5358A60F1CAFBAF200D96845 /* Debug */,
				5358A6101CAFBAF200D96845 /* Release */,
			);
			defaultConfigurationIsVisible = 0;
			defaultConfigurationName = Release;
		};
		5358A6111CAFBAF200D96845 /* Build configuration list for PBXNativeTarget "PieGraphViewUITests" */ = {
			isa = XCConfigurationList;
			buildConfigurations = (
				5358A6121CAFBAF200D96845 /* Debug */,
				5358A6131CAFBAF200D96845 /* Release */,
			);
			defaultConfigurationIsVisible = 0;
			defaultConfigurationName = Release;
		};
/* End XCConfigurationList section */

/* Begin XCVersionGroup section */
		5358A5EA1CAFBAF100D96845 /* PieGraphView.xcdatamodeld */ = {
			isa = XCVersionGroup;
			children = (
				5358A5EB1CAFBAF100D96845 /* PieGraphView.xcdatamodel */,
			);
			currentVersion = 5358A5EB1CAFBAF100D96845 /* PieGraphView.xcdatamodel */;
			path = PieGraphView.xcdatamodeld;
			sourceTree = "<group>";
			versionGroupType = wrapper.xcdatamodel;
		};
/* End XCVersionGroup section */
	};
	rootObject = 5358A5D81CAFBAF100D96845 /* Project object */;
}
